Microsoft Visual Studio Solution File, Format Version 12.00
# Visual Studio Version 17
VisualStudioVersion = 17.0.31611.283
MinimumVisualStudioVersion = 10.0.40219.1
Project("{9A19103F-16F7-4668-BE54-9A1E7A4F7556}") = "ChampagneMaui", "ChampagneMaui.csproj", "{A04C8B8C-7012-48E7-A86F-C6D8FC36BA51}"
EndProject
Global
	GlobalSection(SolutionConfigurationPlatforms) = preSolution
		Debug|Any CPU = Debug|Any CPU
		Release|Any CPU = Release|Any CPU
	EndGlobalSection
	GlobalSection(ProjectConfigurationPlatforms) = postSolution
		{A04C8B8C-7012-48E7-A86F-C6D8FC36BA51}.Debug|Any CPU.ActiveCfg = Debug|Any CPU
		{A04C8B8C-7012-48E7-A86F-C6D8FC36BA51}.Debug|Any CPU.Build.0 = Debug|Any CPU
		{A04C8B8C-7012-48E7-A86F-C6D8FC36BA51}.Debug|Any CPU.Deploy.0 = Debug|Any CPU
		{A04C8B8C-7012-48E7-A86F-C6D8FC36BA51}.Release|Any CPU.ActiveCfg = Release|Any CPU
		{A04C8B8C-7012-48E7-A86F-C6D8FC36BA51}.Release|Any CPU.Build.0 = Release|Any CPU
		{A04C8B8C-7012-48E7-A86F-C6D8FC36BA51}.Release|Any CPU.Deploy.0 = Release|Any CPU
	EndGlobalSection
	GlobalSection(SolutionProperties) = preSolution
		HideSolutionNode = FALSE
	EndGlobalSection
	GlobalSection(ExtensibilityGlobals) = postSolution
		SolutionGuid = {B33B737E-0263-4616-9E43-BFE39250D41B}
		        SolutionGuid = {61F7FB11-1E47-470C-91E2-47F8143E1572}
	EndGlobalSection
EndGlobal
